
Microsoft Visual Studio Solution File, Format Version 12.00
# Visual Studio Version 17
VisualStudioVersion = 17.14.36327.8 d17.14
MinimumVisualStudioVersion = 10.0.40219.1
Project("{FAE04EC0-301F-11D3-BF4B-00C04F79EFBC}") = "Portfolio", "Portfolio\Portfolio.csproj", "{8743EEA1-7918-4DF5-B425-5440022876A6}"
EndProject
Global
	GlobalSection(SolutionConfigurationPlatforms) = preSolution
		Debug|Any CPU = Debug|Any CPU
		Release|Any CPU = Release|Any CPU
	EndGlobalSection
	GlobalSection(ProjectConfigurationPlatforms) = postSolution
		{8743EEA1-7918-4DF5-B425-5440022876A6}.Debug|Any CPU.ActiveCfg = Debug|Any CPU
		{8743EEA1-7918-4DF5-B425-5440022876A6}.Debug|Any CPU.Build.0 = Debug|Any CPU
		{8743EEA1-7918-4DF5-B425-5440022876A6}.Release|Any CPU.ActiveCfg = Release|Any CPU
		{8743EEA1-7918-4DF5-B425-5440022876A6}.Release|Any CPU.Build.0 = Release|Any CPU
	EndGlobalSection
	GlobalSection(SolutionProperties) = preSolution
		HideSolutionNode = FALSE
	EndGlobalSection
	GlobalSection(ExtensibilityGlobals) = postSolution
		SolutionGuid = {7811E300-2471-4EF4-84FC-0F9DE13B9265}
	EndGlobalSection
EndGlobal
